{
  "version": 4,
  "terraform_version": "1.13.0",
  "serial": 377,
  "lineage": "531572f9-75ca-f021-5e10-233347231b69",
  "outputs": {
    "master_ip": {
      "value": "98.71.218.111",
      "type": "string"
    },
    "worker_ips": {
      "value": [
        "20.16.46.170",
        "98.71.164.118"
      ],
      "type": [
        "tuple",
        [
          "string",
          "string"
        ]
      ]
    }
  },
  "resources": [
    {
      "mode": "managed",
      "type": "azurerm_linux_virtual_machine",
      "name": "master",
      "provider": "provider[\"registry.terraform.io/hashicorp/azurerm\"]",
      "instances": [
        {
          "schema_version": 0,
          "attributes": {
            "additional_capabilities": [],
            "admin_password": null,
            "admin_ssh_key": [
              {
                "public_key": "ssh-ed25519 AAAAC3NzaC1lZDI1NTE5AAAAILQOs99KxvgrbK4UqfjnVFXWI+agpLzRLKYsJ2D4rHfe daeda@Klodian\r\n",
                "username": "azureuser"
              }
            ],
            "admin_username": "azureuser",
            "allow_extension_operations": true,
            "availability_set_id": "",
            "boot_diagnostics": [],
            "bypass_platform_safety_checks_on_user_schedule_enabled": false,
            "capacity_reservation_group_id": "",
            "computer_name": "k8s-master",
            "custom_data": null,
            "dedicated_host_group_id": "",
            "dedicated_host_id": "",
            "disable_password_authentication": true,
            "disk_controller_type": "SCSI",
            "edge_zone": "",
            "encryption_at_host_enabled": false,
            "eviction_policy": "",
            "extensions_time_budget": "PT1H30M",
            "gallery_application": [],
            "id": "/subscriptions/3e8b0886-42e8-41f5-be43-4a316db23bdc/resourceGroups/k8s-resource-group/providers/Microsoft.Compute/virtualMachines/k8s-master",
            "identity": [],
            "license_type": "",
            "location": "westeurope",
            "max_bid_price": -1,
            "name": "k8s-master",
            "network_interface_ids": [
              "/subscriptions/3e8b0886-42e8-41f5-be43-4a316db23bdc/resourceGroups/k8s-resource-group/providers/Microsoft.Network/networkInterfaces/master-nic"
            ],
            "os_disk": [
              {
                "caching": "ReadWrite",
                "diff_disk_settings": [],
                "disk_encryption_set_id": "",
                "disk_size_gb": 30,
                "id": "/subscriptions/3e8b0886-42e8-41f5-be43-4a316db23bdc/resourceGroups/k8s-resource-group/providers/Microsoft.Compute/disks/k8s-master_disk1_661277183cf4403c97a4c80592e1c957",
                "name": "k8s-master_disk1_661277183cf4403c97a4c80592e1c957",
                "secure_vm_disk_encryption_set_id": "",
                "security_encryption_type": "",
                "storage_account_type": "Standard_LRS",
                "write_accelerator_enabled": false
              }
            ],
            "os_image_notification": [],
            "patch_assessment_mode": "ImageDefault",
            "patch_mode": "ImageDefault",
            "plan": [],
            "platform_fault_domain": -1,
            "priority": "Regular",
            "private_ip_address": "10.0.1.5",
            "private_ip_addresses": [
              "10.0.1.5"
            ],
            "provision_vm_agent": true,
            "proximity_placement_group_id": "",
            "public_ip_address": "98.71.218.111",
            "public_ip_addresses": [
              "98.71.218.111"
            ],
            "reboot_setting": "",
            "resource_group_name": "k8s-resource-group",
            "secret": [],
            "secure_boot_enabled": false,
            "size": "Standard_B2s",
            "source_image_id": "",
            "source_image_reference": [
              {
                "offer": "0001-com-ubuntu-server-jammy",
                "publisher": "Canonical",
                "sku": "22_04-lts-gen2",
                "version": "latest"
              }
            ],
            "tags": null,
            "termination_notification": null,
            "timeouts": null,
            "user_data": "",
            "virtual_machine_id": "3aee6ea0-f9cf-4ebb-a318-91200e70b57e",
            "virtual_machine_scale_set_id": "",
            "vm_agent_platform_updates_enabled": false,
            "vtpm_enabled": false,
            "zone": ""
          },
          "sensitive_attributes": [
            [
              {
                "type": "get_attr",
                "value": "admin_password"
              }
            ],
            [
              {
                "type": "get_attr",
                "value": "custom_data"
              }
            ]
          ],
          "identity_schema_version": 0,
          "private": "eyJlMmJmYjczMC1lY2FhLTExZTYtOGY4OC0zNDM2M2JjN2M0YzAiOnsiY3JlYXRlIjoyNzAwMDAwMDAwMDAwLCJkZWxldGUiOjI3MDAwMDAwMDAwMDAsInJlYWQiOjMwMDAwMDAwMDAwMCwidXBkYXRlIjoyNzAwMDAwMDAwMDAwfX0=",
          "dependencies": [
            "azurerm_network_interface.master_nic",
            "azurerm_public_ip.master",
            "azurerm_resource_group.k8s",
            "azurerm_subnet.k8s_subnet",
            "azurerm_virtual_network.k8s_vnet"
          ]
        }
      ]
    },
    {
      "mode": "managed",
      "type": "azurerm_linux_virtual_machine",
      "name": "worker_1",
      "provider": "provider[\"registry.terraform.io/hashicorp/azurerm\"]",
      "instances": [
        {
          "schema_version": 0,
          "attributes": {
            "additional_capabilities": [],
            "admin_password": null,
            "admin_ssh_key": [
              {
                "public_key": "ssh-ed25519 AAAAC3NzaC1lZDI1NTE5AAAAILQOs99KxvgrbK4UqfjnVFXWI+agpLzRLKYsJ2D4rHfe daeda@Klodian\r\n",
                "username": "azureuser"
              }
            ],
            "admin_username": "azureuser",
            "allow_extension_operations": true,
            "availability_set_id": "",
            "boot_diagnostics": [],
            "bypass_platform_safety_checks_on_user_schedule_enabled": false,
            "capacity_reservation_group_id": "",
            "computer_name": "k8s-worker-1",
            "custom_data": null,
            "dedicated_host_group_id": "",
            "dedicated_host_id": "",
            "disable_password_authentication": true,
            "disk_controller_type": "SCSI",
            "edge_zone": "",
            "encryption_at_host_enabled": false,
            "eviction_policy": "",
            "extensions_time_budget": "PT1H30M",
            "gallery_application": [],
            "id": "/subscriptions/3e8b0886-42e8-41f5-be43-4a316db23bdc/resourceGroups/k8s-resource-group/providers/Microsoft.Compute/virtualMachines/k8s-worker-1",
            "identity": [],
            "license_type": "",
            "location": "westeurope",
            "max_bid_price": -1,
            "name": "k8s-worker-1",
            "network_interface_ids": [
              "/subscriptions/3e8b0886-42e8-41f5-be43-4a316db23bdc/resourceGroups/k8s-resource-group/providers/Microsoft.Network/networkInterfaces/worker-nic-1"
            ],
            "os_disk": [
              {
                "caching": "ReadWrite",
                "diff_disk_settings": [],
                "disk_encryption_set_id": "",
                "disk_size_gb": 30,
                "id": "/subscriptions/3e8b0886-42e8-41f5-be43-4a316db23bdc/resourceGroups/k8s-resource-group/providers/Microsoft.Compute/disks/k8s-worker-1_disk1_63ccba3062d54a82a89a0a50bbea548e",
                "name": "k8s-worker-1_disk1_63ccba3062d54a82a89a0a50bbea548e",
                "secure_vm_disk_encryption_set_id": "",
                "security_encryption_type": "",
                "storage_account_type": "Standard_LRS",
                "write_accelerator_enabled": false
              }
            ],
            "os_image_notification": [],
            "patch_assessment_mode": "ImageDefault",
            "patch_mode": "ImageDefault",
            "plan": [],
            "platform_fault_domain": -1,
            "priority": "Regular",
            "private_ip_address": "10.0.1.4",
            "private_ip_addresses": [
              "10.0.1.4"
            ],
            "provision_vm_agent": true,
            "proximity_placement_group_id": "",
            "public_ip_address": "20.16.46.170",
            "public_ip_addresses": [
              "20.16.46.170"
            ],
            "reboot_setting": "",
            "resource_group_name": "k8s-resource-group",
            "secret": [],
            "secure_boot_enabled": false,
            "size": "Standard_B2s",
            "source_image_id": "",
            "source_image_reference": [
              {
                "offer": "0001-com-ubuntu-server-jammy",
                "publisher": "Canonical",
                "sku": "22_04-lts-gen2",
                "version": "latest"
              }
            ],
            "tags": null,
            "termination_notification": null,
            "timeouts": null,
            "user_data": "",
            "virtual_machine_id": "838deed9-d42a-46f8-ab39-015b58e94e15",
            "virtual_machine_scale_set_id": "",
            "vm_agent_platform_updates_enabled": false,
            "vtpm_enabled": false,
            "zone": ""
          },
          "sensitive_attributes": [
            [
              {
                "type": "get_attr",
                "value": "admin_password"
              }
            ],
            [
              {
                "type": "get_attr",
                "value": "custom_data"
              }
            ]
          ],
          "identity_schema_version": 0,
          "private": "eyJlMmJmYjczMC1lY2FhLTExZTYtOGY4OC0zNDM2M2JjN2M0YzAiOnsiY3JlYXRlIjoyNzAwMDAwMDAwMDAwLCJkZWxldGUiOjI3MDAwMDAwMDAwMDAsInJlYWQiOjMwMDAwMDAwMDAwMCwidXBkYXRlIjoyNzAwMDAwMDAwMDAwfX0=",
          "dependencies": [
            "azurerm_network_interface.worker_nic_1",
            "azurerm_public_ip.worker1",
            "azurerm_resource_group.k8s",
            "azurerm_subnet.k8s_subnet",
            "azurerm_virtual_network.k8s_vnet"
          ]
        }
      ]
    },
    {
      "mode": "managed",
      "type": "azurerm_linux_virtual_machine",
      "name": "worker_2",
      "provider": "provider[\"registry.terraform.io/hashicorp/azurerm\"]",
      "instances": [
        {
          "schema_version": 0,
          "attributes": {
            "additional_capabilities": [],
            "admin_password": null,
            "admin_ssh_key": [
              {
                "public_key": "ssh-ed25519 AAAAC3NzaC1lZDI1NTE5AAAAILQOs99KxvgrbK4UqfjnVFXWI+agpLzRLKYsJ2D4rHfe daeda@Klodian\r\n",
                "username": "azureuser"
              }
            ],
            "admin_username": "azureuser",
            "allow_extension_operations": true,
            "availability_set_id": "",
            "boot_diagnostics": [],
            "bypass_platform_safety_checks_on_user_schedule_enabled": false,
            "capacity_reservation_group_id": "",
            "computer_name": "k8s-worker-2",
            "custom_data": null,
            "dedicated_host_group_id": "",
            "dedicated_host_id": "",
            "disable_password_authentication": true,
            "disk_controller_type": "SCSI",
            "edge_zone": "",
            "encryption_at_host_enabled": false,
            "eviction_policy": "",
            "extensions_time_budget": "PT1H30M",
            "gallery_application": [],
            "id": "/subscriptions/3e8b0886-42e8-41f5-be43-4a316db23bdc/resourceGroups/k8s-resource-group/providers/Microsoft.Compute/virtualMachines/k8s-worker-2",
            "identity": [],
            "license_type": "",
            "location": "westeurope",
            "max_bid_price": -1,
            "name": "k8s-worker-2",
            "network_interface_ids": [
              "/subscriptions/3e8b0886-42e8-41f5-be43-4a316db23bdc/resourceGroups/k8s-resource-group/providers/Microsoft.Network/networkInterfaces/worker-nic-2"
            ],
            "os_disk": [
              {
                "caching": "ReadWrite",
                "diff_disk_settings": [],
                "disk_encryption_set_id": "",
                "disk_size_gb": 30,
                "id": "/subscriptions/3e8b0886-42e8-41f5-be43-4a316db23bdc/resourceGroups/k8s-resource-group/providers/Microsoft.Compute/disks/k8s-worker-2_OsDisk_1_aa94594664764192913f19ee2cb7ecea",
                "name": "k8s-worker-2_OsDisk_1_aa94594664764192913f19ee2cb7ecea",
                "secure_vm_disk_encryption_set_id": "",
                "security_encryption_type": "",
                "storage_account_type": "Standard_LRS",
                "write_accelerator_enabled": false
              }
            ],
            "os_image_notification": [],
            "patch_assessment_mode": "ImageDefault",
            "patch_mode": "ImageDefault",
            "plan": [],
            "platform_fault_domain": -1,
            "priority": "Regular",
            "private_ip_address": "10.0.1.6",
            "private_ip_addresses": [
              "10.0.1.6"
            ],
            "provision_vm_agent": true,
            "proximity_placement_group_id": "",
            "public_ip_address": "98.71.164.118",
            "public_ip_addresses": [
              "98.71.164.118"
            ],
            "reboot_setting": "",
            "resource_group_name": "k8s-resource-group",
            "secret": [],
            "secure_boot_enabled": false,
            "size": "Standard_B2s",
            "source_image_id": "",
            "source_image_reference": [
              {
                "offer": "0001-com-ubuntu-server-jammy",
                "publisher": "Canonical",
                "sku": "22_04-lts-gen2",
                "version": "latest"
              }
            ],
            "tags": null,
            "termination_notification": null,
            "timeouts": null,
            "user_data": "",
            "virtual_machine_id": "54715ed1-ee66-4ffa-9cd2-b803b970ef74",
            "virtual_machine_scale_set_id": "",
            "vm_agent_platform_updates_enabled": false,
            "vtpm_enabled": false,
            "zone": ""
          },
          "sensitive_attributes": [
            [
              {
                "type": "get_attr",
                "value": "admin_password"
              }
            ],
            [
              {
                "type": "get_attr",
                "value": "custom_data"
              }
            ]
          ],
          "identity_schema_version": 0,
          "private": "eyJlMmJmYjczMC1lY2FhLTExZTYtOGY4OC0zNDM2M2JjN2M0YzAiOnsiY3JlYXRlIjoyNzAwMDAwMDAwMDAwLCJkZWxldGUiOjI3MDAwMDAwMDAwMDAsInJlYWQiOjMwMDAwMDAwMDAwMCwidXBkYXRlIjoyNzAwMDAwMDAwMDAwfX0=",
          "dependencies": [
            "azurerm_network_interface.worker_nic_2",
            "azurerm_public_ip.worker2",
            "azurerm_resource_group.k8s",
            "azurerm_subnet.k8s_subnet",
            "azurerm_virtual_network.k8s_vnet"
          ]
        }
      ]
    },
    {
      "mode": "managed",
      "type": "azurerm_network_interface",
      "name": "master_nic",
      "provider": "provider[\"registry.terraform.io/hashicorp/azurerm\"]",
      "instances": [
        {
          "schema_version": 0,
          "attributes": {
            "accelerated_networking_enabled": false,
            "applied_dns_servers": [],
            "auxiliary_mode": "",
            "auxiliary_sku": "",
            "dns_servers": null,
            "edge_zone": "",
            "id": "/subscriptions/3e8b0886-42e8-41f5-be43-4a316db23bdc/resourceGroups/k8s-resource-group/providers/Microsoft.Network/networkInterfaces/master-nic",
            "internal_dns_name_label": "",
            "internal_domain_name_suffix": "wvyrqnsm4sqenitkazyhi5a3lb.ax.internal.cloudapp.net",
            "ip_configuration": [
              {
                "gateway_load_balancer_frontend_ip_configuration_id": "",
                "name": "internal",
                "primary": true,
                "private_ip_address": "10.0.1.5",
                "private_ip_address_allocation": "Dynamic",
                "private_ip_address_version": "IPv4",
                "public_ip_address_id": "/subscriptions/3e8b0886-42e8-41f5-be43-4a316db23bdc/resourceGroups/k8s-resource-group/providers/Microsoft.Network/publicIPAddresses/master-public-ip",
                "subnet_id": "/subscriptions/3e8b0886-42e8-41f5-be43-4a316db23bdc/resourceGroups/k8s-resource-group/providers/Microsoft.Network/virtualNetworks/k8s-vnet/subnets/k8s-subnet"
              }
            ],
            "ip_forwarding_enabled": false,
            "location": "westeurope",
            "mac_address": "",
            "name": "master-nic",
            "private_ip_address": "10.0.1.5",
            "private_ip_addresses": [
              "10.0.1.5"
            ],
            "resource_group_name": "k8s-resource-group",
            "tags": null,
            "timeouts": null,
            "virtual_machine_id": ""
          },
          "sensitive_attributes": [],
          "identity_schema_version": 0,
          "identity": {
            "name": "master-nic",
            "resource_group_name": "k8s-resource-group",
            "subscription_id": "3e8b0886-42e8-41f5-be43-4a316db23bdc"
          },
          "private": "eyJlMmJmYjczMC1lY2FhLTExZTYtOGY4OC0zNDM2M2JjN2M0YzAiOnsiY3JlYXRlIjoxODAwMDAwMDAwMDAwLCJkZWxldGUiOjE4MDAwMDAwMDAwMDAsInJlYWQiOjMwMDAwMDAwMDAwMCwidXBkYXRlIjoxODAwMDAwMDAwMDAwfX0=",
          "dependencies": [
            "azurerm_public_ip.master",
            "azurerm_resource_group.k8s",
            "azurerm_subnet.k8s_subnet",
            "azurerm_virtual_network.k8s_vnet"
          ]
        }
      ]
    },
    {
      "mode": "managed",
      "type": "azurerm_network_interface",
      "name": "worker_nic_1",
      "provider": "provider[\"registry.terraform.io/hashicorp/azurerm\"]",
      "instances": [
        {
          "schema_version": 0,
          "attributes": {
            "accelerated_networking_enabled": false,
            "applied_dns_servers": [],
            "auxiliary_mode": "",
            "auxiliary_sku": "",
            "dns_servers": null,
            "edge_zone": "",
            "id": "/subscriptions/3e8b0886-42e8-41f5-be43-4a316db23bdc/resourceGroups/k8s-resource-group/providers/Microsoft.Network/networkInterfaces/worker-nic-1",
            "internal_dns_name_label": "",
            "internal_domain_name_suffix": "wvyrqnsm4sqenitkazyhi5a3lb.ax.internal.cloudapp.net",
            "ip_configuration": [
              {
                "gateway_load_balancer_frontend_ip_configuration_id": "",
                "name": "internal",
                "primary": true,
                "private_ip_address": "10.0.1.4",
                "private_ip_address_allocation": "Dynamic",
                "private_ip_address_version": "IPv4",
                "public_ip_address_id": "/subscriptions/3e8b0886-42e8-41f5-be43-4a316db23bdc/resourceGroups/k8s-resource-group/providers/Microsoft.Network/publicIPAddresses/worker1-public-ip",
                "subnet_id": "/subscriptions/3e8b0886-42e8-41f5-be43-4a316db23bdc/resourceGroups/k8s-resource-group/providers/Microsoft.Network/virtualNetworks/k8s-vnet/subnets/k8s-subnet"
              }
            ],
            "ip_forwarding_enabled": false,
            "location": "westeurope",
            "mac_address": "",
            "name": "worker-nic-1",
            "private_ip_address": "10.0.1.4",
            "private_ip_addresses": [
              "10.0.1.4"
            ],
            "resource_group_name": "k8s-resource-group",
            "tags": null,
            "timeouts": null,
            "virtual_machine_id": ""
          },
          "sensitive_attributes": [],
          "identity_schema_version": 0,
          "identity": {
            "name": "worker-nic-1",
            "resource_group_name": "k8s-resource-group",
            "subscription_id": "3e8b0886-42e8-41f5-be43-4a316db23bdc"
          },
          "private": "eyJlMmJmYjczMC1lY2FhLTExZTYtOGY4OC0zNDM2M2JjN2M0YzAiOnsiY3JlYXRlIjoxODAwMDAwMDAwMDAwLCJkZWxldGUiOjE4MDAwMDAwMDAwMDAsInJlYWQiOjMwMDAwMDAwMDAwMCwidXBkYXRlIjoxODAwMDAwMDAwMDAwfX0=",
          "dependencies": [
            "azurerm_public_ip.worker1",
            "azurerm_resource_group.k8s",
            "azurerm_subnet.k8s_subnet",
            "azurerm_virtual_network.k8s_vnet"
          ]
        }
      ]
    },
    {
      "mode": "managed",
      "type": "azurerm_network_interface",
      "name": "worker_nic_2",
      "provider": "provider[\"registry.terraform.io/hashicorp/azurerm\"]",
      "instances": [
        {
          "schema_version": 0,
          "attributes": {
            "accelerated_networking_enabled": false,
            "applied_dns_servers": [],
            "auxiliary_mode": "",
            "auxiliary_sku": "",
            "dns_servers": null,
            "edge_zone": "",
            "id": "/subscriptions/3e8b0886-42e8-41f5-be43-4a316db23bdc/resourceGroups/k8s-resource-group/providers/Microsoft.Network/networkInterfaces/worker-nic-2",
            "internal_dns_name_label": "",
            "internal_domain_name_suffix": "wvyrqnsm4sqenitkazyhi5a3lb.ax.internal.cloudapp.net",
            "ip_configuration": [
              {
                "gateway_load_balancer_frontend_ip_configuration_id": "",
                "name": "internal",
                "primary": true,
                "private_ip_address": "10.0.1.6",
                "private_ip_address_allocation": "Dynamic",
                "private_ip_address_version": "IPv4",
                "public_ip_address_id": "/subscriptions/3e8b0886-42e8-41f5-be43-4a316db23bdc/resourceGroups/k8s-resource-group/providers/Microsoft.Network/publicIPAddresses/worker2-public-ip",
                "subnet_id": "/subscriptions/3e8b0886-42e8-41f5-be43-4a316db23bdc/resourceGroups/k8s-resource-group/providers/Microsoft.Network/virtualNetworks/k8s-vnet/subnets/k8s-subnet"
              }
            ],
            "ip_forwarding_enabled": false,
            "location": "westeurope",
            "mac_address": "",
            "name": "worker-nic-2",
            "private_ip_address": "10.0.1.6",
            "private_ip_addresses": [
              "10.0.1.6"
            ],
            "resource_group_name": "k8s-resource-group",
            "tags": null,
            "timeouts": null,
            "virtual_machine_id": ""
          },
          "sensitive_attributes": [],
          "identity_schema_version": 0,
          "identity": {
            "name": "worker-nic-2",
            "resource_group_name": "k8s-resource-group",
            "subscription_id": "3e8b0886-42e8-41f5-be43-4a316db23bdc"
          },
          "private": "eyJlMmJmYjczMC1lY2FhLTExZTYtOGY4OC0zNDM2M2JjN2M0YzAiOnsiY3JlYXRlIjoxODAwMDAwMDAwMDAwLCJkZWxldGUiOjE4MDAwMDAwMDAwMDAsInJlYWQiOjMwMDAwMDAwMDAwMCwidXBkYXRlIjoxODAwMDAwMDAwMDAwfX0=",
          "dependencies": [
            "azurerm_public_ip.worker2",
            "azurerm_resource_group.k8s",
            "azurerm_subnet.k8s_subnet",
            "azurerm_virtual_network.k8s_vnet"
          ]
        }
      ]
    },
    {
      "mode": "managed",
      "type": "azurerm_network_interface_security_group_association",
      "name": "master_nic_nsg",
      "provider": "provider[\"registry.terraform.io/hashicorp/azurerm\"]",
      "instances": [
        {
          "schema_version": 0,
          "attributes": {
            "id": "/subscriptions/3e8b0886-42e8-41f5-be43-4a316db23bdc/resourceGroups/k8s-resource-group/providers/Microsoft.Network/networkInterfaces/master-nic|/subscriptions/3e8b0886-42e8-41f5-be43-4a316db23bdc/resourceGroups/k8s-resource-group/providers/Microsoft.Network/networkSecurityGroups/k8s-nsg",
            "network_interface_id": "/subscriptions/3e8b0886-42e8-41f5-be43-4a316db23bdc/resourceGroups/k8s-resource-group/providers/Microsoft.Network/networkInterfaces/master-nic",
            "network_security_group_id": "/subscriptions/3e8b0886-42e8-41f5-be43-4a316db23bdc/resourceGroups/k8s-resource-group/providers/Microsoft.Network/networkSecurityGroups/k8s-nsg",
            "timeouts": null
          },
          "sensitive_attributes": [],
          "identity_schema_version": 0,
          "private": "eyJlMmJmYjczMC1lY2FhLTExZTYtOGY4OC0zNDM2M2JjN2M0YzAiOnsiY3JlYXRlIjoxODAwMDAwMDAwMDAwLCJkZWxldGUiOjE4MDAwMDAwMDAwMDAsInJlYWQiOjMwMDAwMDAwMDAwMH19",
          "dependencies": [
            "azurerm_network_interface.master_nic",
            "azurerm_network_security_group.k8s_nsg",
            "azurerm_public_ip.master",
            "azurerm_resource_group.k8s",
            "azurerm_subnet.k8s_subnet",
            "azurerm_virtual_network.k8s_vnet"
          ]
        }
      ]
    },
    {
      "mode": "managed",
      "type": "azurerm_network_interface_security_group_association",
      "name": "worker_nic_1_nsg",
      "provider": "provider[\"registry.terraform.io/hashicorp/azurerm\"]",
      "instances": [
        {
          "schema_version": 0,
          "attributes": {
            "id": "/subscriptions/3e8b0886-42e8-41f5-be43-4a316db23bdc/resourceGroups/k8s-resource-group/providers/Microsoft.Network/networkInterfaces/worker-nic-1|/subscriptions/3e8b0886-42e8-41f5-be43-4a316db23bdc/resourceGroups/k8s-resource-group/providers/Microsoft.Network/networkSecurityGroups/k8s-nsg",
            "network_interface_id": "/subscriptions/3e8b0886-42e8-41f5-be43-4a316db23bdc/resourceGroups/k8s-resource-group/providers/Microsoft.Network/networkInterfaces/worker-nic-1",
            "network_security_group_id": "/subscriptions/3e8b0886-42e8-41f5-be43-4a316db23bdc/resourceGroups/k8s-resource-group/providers/Microsoft.Network/networkSecurityGroups/k8s-nsg",
            "timeouts": null
          },
          "sensitive_attributes": [],
          "identity_schema_version": 0,
          "private": "eyJlMmJmYjczMC1lY2FhLTExZTYtOGY4OC0zNDM2M2JjN2M0YzAiOnsiY3JlYXRlIjoxODAwMDAwMDAwMDAwLCJkZWxldGUiOjE4MDAwMDAwMDAwMDAsInJlYWQiOjMwMDAwMDAwMDAwMH19",
          "dependencies": [
            "azurerm_network_interface.worker_nic_1",
            "azurerm_network_security_group.k8s_nsg",
            "azurerm_public_ip.worker1",
            "azurerm_resource_group.k8s",
            "azurerm_subnet.k8s_subnet",
            "azurerm_virtual_network.k8s_vnet"
          ]
        }
      ]
    },
    {
      "mode": "managed",
      "type": "azurerm_network_interface_security_group_association",
      "name": "worker_nic_2_nsg",
      "provider": "provider[\"registry.terraform.io/hashicorp/azurerm\"]",
      "instances": [
        {
          "schema_version": 0,
          "attributes": {
            "id": "/subscriptions/3e8b0886-42e8-41f5-be43-4a316db23bdc/resourceGroups/k8s-resource-group/providers/Microsoft.Network/networkInterfaces/worker-nic-2|/subscriptions/3e8b0886-42e8-41f5-be43-4a316db23bdc/resourceGroups/k8s-resource-group/providers/Microsoft.Network/networkSecurityGroups/k8s-nsg",
            "network_interface_id": "/subscriptions/3e8b0886-42e8-41f5-be43-4a316db23bdc/resourceGroups/k8s-resource-group/providers/Microsoft.Network/networkInterfaces/worker-nic-2",
            "network_security_group_id": "/subscriptions/3e8b0886-42e8-41f5-be43-4a316db23bdc/resourceGroups/k8s-resource-group/providers/Microsoft.Network/networkSecurityGroups/k8s-nsg",
            "timeouts": null
          },
          "sensitive_attributes": [],
          "identity_schema_version": 0,
          "private": "eyJlMmJmYjczMC1lY2FhLTExZTYtOGY4OC0zNDM2M2JjN2M0YzAiOnsiY3JlYXRlIjoxODAwMDAwMDAwMDAwLCJkZWxldGUiOjE4MDAwMDAwMDAwMDAsInJlYWQiOjMwMDAwMDAwMDAwMH19",
          "dependencies": [
            "azurerm_network_interface.worker_nic_2",
            "azurerm_network_security_group.k8s_nsg",
            "azurerm_public_ip.worker2",
            "azurerm_resource_group.k8s",
            "azurerm_subnet.k8s_subnet",
            "azurerm_virtual_network.k8s_vnet"
          ]
        }
      ]
    },
    {
      "mode": "managed",
      "type": "azurerm_network_security_group",
      "name": "k8s_nsg",
      "provider": "provider[\"registry.terraform.io/hashicorp/azurerm\"]",
      "instances": [
        {
          "schema_version": 0,
          "attributes": {
            "id": "/subscriptions/3e8b0886-42e8-41f5-be43-4a316db23bdc/resourceGroups/k8s-resource-group/providers/Microsoft.Network/networkSecurityGroups/k8s-nsg",
            "location": "westeurope",
            "name": "k8s-nsg",
            "resource_group_name": "k8s-resource-group",
            "security_rule": [
              {
                "access": "Allow",
                "description": "",
                "destination_address_prefix": "*",
                "destination_address_prefixes": [],
                "destination_application_security_group_ids": [],
                "destination_port_range": "*",
                "destination_port_ranges": [],
                "direction": "Outbound",
                "name": "allow-all-outbound",
                "priority": 1005,
                "protocol": "*",
                "source_address_prefix": "*",
                "source_address_prefixes": [],
                "source_application_security_group_ids": [],
                "source_port_range": "*",
                "source_port_ranges": []
              },
              {
                "access": "Allow",
                "description": "",
                "destination_address_prefix": "*",
                "destination_address_prefixes": [],
                "destination_application_security_group_ids": [],
                "destination_port_range": "*",
                "destination_port_ranges": [],
                "direction": "Outbound",
                "name": "allow-internet-outbound",
                "priority": 1004,
                "protocol": "*",
                "source_address_prefix": "*",
                "source_address_prefixes": [],
                "source_application_security_group_ids": [],
                "source_port_range": "*",
                "source_port_ranges": []
              },
              {
                "access": "Allow",
                "description": "",
                "destination_address_prefix": "*",
                "destination_address_prefixes": [],
                "destination_application_security_group_ids": [],
                "destination_port_range": "22",
                "destination_port_ranges": [],
                "direction": "Inbound",
                "name": "allow-ssh",
                "priority": 1001,
                "protocol": "Tcp",
                "source_address_prefix": "*",
                "source_address_prefixes": [],
                "source_application_security_group_ids": [],
                "source_port_range": "*",
                "source_port_ranges": []
              },
              {
                "access": "Allow",
                "description": "",
                "destination_address_prefix": "*",
                "destination_address_prefixes": [],
                "destination_application_security_group_ids": [],
                "destination_port_range": "443",
                "destination_port_ranges": [],
                "direction": "Inbound",
                "name": "allow-https",
                "priority": 1003,
                "protocol": "Tcp",
                "source_address_prefix": "*",
                "source_address_prefixes": [],
                "source_application_security_group_ids": [],
                "source_port_range": "*",
                "source_port_ranges": []
              },
              {
                "access": "Allow",
                "description": "",
                "destination_address_prefix": "*",
                "destination_address_prefixes": [],
                "destination_application_security_group_ids": [],
                "destination_port_range": "80",
                "destination_port_ranges": [],
                "direction": "Inbound",
                "name": "allow-http",
                "priority": 1002,
                "protocol": "Tcp",
                "source_address_prefix": "*",
                "source_address_prefixes": [],
                "source_application_security_group_ids": [],
                "source_port_range": "*",
                "source_port_ranges": []
              },
              {
                "access": "Allow",
                "description": "",
                "destination_address_prefix": "10.0.1.0/24",
                "destination_address_prefixes": [],
                "destination_application_security_group_ids": [],
                "destination_port_range": "*",
                "destination_port_ranges": [],
                "direction": "Inbound",
                "name": "allow-intra-subnet",
                "priority": 1000,
                "protocol": "*",
                "source_address_prefix": "10.0.1.0/24",
                "source_address_prefixes": [],
                "source_application_security_group_ids": [],
                "source_port_range": "*",
                "source_port_ranges": []
              }
            ],
            "tags": null,
            "timeouts": null
          },
          "sensitive_attributes": [],
          "identity_schema_version": 0,
          "identity": {
            "name": "k8s-nsg",
            "resource_group_name": "k8s-resource-group",
            "subscription_id": "3e8b0886-42e8-41f5-be43-4a316db23bdc"
          },
          "private": "eyJlMmJmYjczMC1lY2FhLTExZTYtOGY4OC0zNDM2M2JjN2M0YzAiOnsiY3JlYXRlIjoxODAwMDAwMDAwMDAwLCJkZWxldGUiOjE4MDAwMDAwMDAwMDAsInJlYWQiOjMwMDAwMDAwMDAwMCwidXBkYXRlIjoxODAwMDAwMDAwMDAwfX0=",
          "dependencies": [
            "azurerm_resource_group.k8s"
          ]
        }
      ]
    },
    {
      "mode": "managed",
      "type": "azurerm_public_ip",
      "name": "master",
      "provider": "provider[\"registry.terraform.io/hashicorp/azurerm\"]",
      "instances": [
        {
          "schema_version": 0,
          "attributes": {
            "allocation_method": "Static",
            "ddos_protection_mode": "VirtualNetworkInherited",
            "ddos_protection_plan_id": null,
            "domain_name_label": null,
            "domain_name_label_scope": null,
            "edge_zone": "",
            "fqdn": null,
            "id": "/subscriptions/3e8b0886-42e8-41f5-be43-4a316db23bdc/resourceGroups/k8s-resource-group/providers/Microsoft.Network/publicIPAddresses/master-public-ip",
            "idle_timeout_in_minutes": 4,
            "ip_address": "98.71.218.111",
            "ip_tags": null,
            "ip_version": "IPv4",
            "location": "westeurope",
            "name": "master-public-ip",
            "public_ip_prefix_id": null,
            "resource_group_name": "k8s-resource-group",
            "reverse_fqdn": null,
            "sku": "Standard",
            "sku_tier": "Regional",
            "tags": null,
            "timeouts": null,
            "zones": null
          },
          "sensitive_attributes": [],
          "identity_schema_version": 0,
          "private": "eyJlMmJmYjczMC1lY2FhLTExZTYtOGY4OC0zNDM2M2JjN2M0YzAiOnsiY3JlYXRlIjoxODAwMDAwMDAwMDAwLCJkZWxldGUiOjE4MDAwMDAwMDAwMDAsInJlYWQiOjMwMDAwMDAwMDAwMCwidXBkYXRlIjoxODAwMDAwMDAwMDAwfX0=",
          "dependencies": [
            "azurerm_resource_group.k8s"
          ]
        }
      ]
    },
    {
      "mode": "managed",
      "type": "azurerm_public_ip",
      "name": "worker1",
      "provider": "provider[\"registry.terraform.io/hashicorp/azurerm\"]",
      "instances": [
        {
          "schema_version": 0,
          "attributes": {
            "allocation_method": "Static",
            "ddos_protection_mode": "VirtualNetworkInherited",
            "ddos_protection_plan_id": null,
            "domain_name_label": null,
            "domain_name_label_scope": null,
            "edge_zone": "",
            "fqdn": null,
            "id": "/subscriptions/3e8b0886-42e8-41f5-be43-4a316db23bdc/resourceGroups/k8s-resource-group/providers/Microsoft.Network/publicIPAddresses/worker1-public-ip",
            "idle_timeout_in_minutes": 4,
            "ip_address": "20.16.46.170",
            "ip_tags": null,
            "ip_version": "IPv4",
            "location": "westeurope",
            "name": "worker1-public-ip",
            "public_ip_prefix_id": null,
            "resource_group_name": "k8s-resource-group",
            "reverse_fqdn": null,
            "sku": "Standard",
            "sku_tier": "Regional",
            "tags": null,
            "timeouts": null,
            "zones": null
          },
          "sensitive_attributes": [],
          "identity_schema_version": 0,
          "private": "eyJlMmJmYjczMC1lY2FhLTExZTYtOGY4OC0zNDM2M2JjN2M0YzAiOnsiY3JlYXRlIjoxODAwMDAwMDAwMDAwLCJkZWxldGUiOjE4MDAwMDAwMDAwMDAsInJlYWQiOjMwMDAwMDAwMDAwMCwidXBkYXRlIjoxODAwMDAwMDAwMDAwfX0=",
          "dependencies": [
            "azurerm_resource_group.k8s"
          ]
        }
      ]
    },
    {
      "mode": "managed",
      "type": "azurerm_public_ip",
      "name": "worker2",
      "provider": "provider[\"registry.terraform.io/hashicorp/azurerm\"]",
      "instances": [
        {
          "schema_version": 0,
          "attributes": {
            "allocation_method": "Static",
            "ddos_protection_mode": "VirtualNetworkInherited",
            "ddos_protection_plan_id": null,
            "domain_name_label": null,
            "domain_name_label_scope": null,
            "edge_zone": "",
            "fqdn": null,
            "id": "/subscriptions/3e8b0886-42e8-41f5-be43-4a316db23bdc/resourceGroups/k8s-resource-group/providers/Microsoft.Network/publicIPAddresses/worker2-public-ip",
            "idle_timeout_in_minutes": 4,
            "ip_address": "98.71.164.118",
            "ip_tags": null,
            "ip_version": "IPv4",
            "location": "westeurope",
            "name": "worker2-public-ip",
            "public_ip_prefix_id": null,
            "resource_group_name": "k8s-resource-group",
            "reverse_fqdn": null,
            "sku": "Standard",
            "sku_tier": "Regional",
            "tags": null,
            "timeouts": null,
            "zones": null
          },
          "sensitive_attributes": [],
          "identity_schema_version": 0,
          "private": "eyJlMmJmYjczMC1lY2FhLTExZTYtOGY4OC0zNDM2M2JjN2M0YzAiOnsiY3JlYXRlIjoxODAwMDAwMDAwMDAwLCJkZWxldGUiOjE4MDAwMDAwMDAwMDAsInJlYWQiOjMwMDAwMDAwMDAwMCwidXBkYXRlIjoxODAwMDAwMDAwMDAwfX0=",
          "dependencies": [
            "azurerm_resource_group.k8s"
          ]
        }
      ]
    },
    {
      "mode": "managed",
      "type": "azurerm_resource_group",
      "name": "k8s",
      "provider": "provider[\"registry.terraform.io/hashicorp/azurerm\"]",
      "instances": [
        {
          "schema_version": 0,
          "attributes": {
            "id": "/subscriptions/3e8b0886-42e8-41f5-be43-4a316db23bdc/resourceGroups/k8s-resource-group",
            "location": "westeurope",
            "managed_by": "",
            "name": "k8s-resource-group",
            "tags": null,
            "timeouts": null
          },
          "sensitive_attributes": [],
          "identity_schema_version": 0,
          "private": "eyJlMmJmYjczMC1lY2FhLTExZTYtOGY4OC0zNDM2M2JjN2M0YzAiOnsiY3JlYXRlIjo1NDAwMDAwMDAwMDAwLCJkZWxldGUiOjU0MDAwMDAwMDAwMDAsInJlYWQiOjMwMDAwMDAwMDAwMCwidXBkYXRlIjo1NDAwMDAwMDAwMDAwfX0="
        }
      ]
    },
    {
      "mode": "managed",
      "type": "azurerm_subnet",
      "name": "k8s_subnet",
      "provider": "provider[\"registry.terraform.io/hashicorp/azurerm\"]",
      "instances": [
        {
          "schema_version": 0,
          "attributes": {
            "address_prefixes": [
              "10.0.1.0/24"
            ],
            "default_outbound_access_enabled": true,
            "delegation": [],
            "id": "/subscriptions/3e8b0886-42e8-41f5-be43-4a316db23bdc/resourceGroups/k8s-resource-group/providers/Microsoft.Network/virtualNetworks/k8s-vnet/subnets/k8s-subnet",
            "ip_address_pool": [],
            "name": "k8s-subnet",
            "private_endpoint_network_policies": "Disabled",
            "private_link_service_network_policies_enabled": true,
            "resource_group_name": "k8s-resource-group",
            "service_endpoint_policy_ids": null,
            "service_endpoints": null,
            "timeouts": null,
            "virtual_network_name": "k8s-vnet"
          },
          "sensitive_attributes": [],
          "identity_schema_version": 0,
          "identity": {
            "name": "k8s-subnet",
            "resource_group_name": "k8s-resource-group",
            "subscription_id": "3e8b0886-42e8-41f5-be43-4a316db23bdc",
            "virtual_network_name": "k8s-vnet"
          },
          "private": "eyJlMmJmYjczMC1lY2FhLTExZTYtOGY4OC0zNDM2M2JjN2M0YzAiOnsiY3JlYXRlIjoxODAwMDAwMDAwMDAwLCJkZWxldGUiOjE4MDAwMDAwMDAwMDAsInJlYWQiOjMwMDAwMDAwMDAwMCwidXBkYXRlIjoxODAwMDAwMDAwMDAwfX0=",
          "dependencies": [
            "azurerm_resource_group.k8s",
            "azurerm_virtual_network.k8s_vnet"
          ]
        }
      ]
    },
    {
      "mode": "managed",
      "type": "azurerm_virtual_network",
      "name": "k8s_vnet",
      "provider": "provider[\"registry.terraform.io/hashicorp/azurerm\"]",
      "instances": [
        {
          "schema_version": 0,
          "attributes": {
            "address_space": [
              "10.0.0.0/16"
            ],
            "bgp_community": "",
            "ddos_protection_plan": [],
            "dns_servers": [],
            "edge_zone": "",
            "encryption": [],
            "flow_timeout_in_minutes": 0,
            "guid": "361871b5-f44c-46a0-a26a-0670747c1d59",
            "id": "/subscriptions/3e8b0886-42e8-41f5-be43-4a316db23bdc/resourceGroups/k8s-resource-group/providers/Microsoft.Network/virtualNetworks/k8s-vnet",
            "ip_address_pool": [],
            "location": "westeurope",
            "name": "k8s-vnet",
            "private_endpoint_vnet_policies": "Disabled",
            "resource_group_name": "k8s-resource-group",
            "subnet": [],
            "tags": null,
            "timeouts": null
          },
          "sensitive_attributes": [],
          "identity_schema_version": 0,
          "identity": {
            "name": "k8s-vnet",
            "resource_group_name": "k8s-resource-group",
            "subscription_id": "3e8b0886-42e8-41f5-be43-4a316db23bdc"
          },
          "private": "eyJlMmJmYjczMC1lY2FhLTExZTYtOGY4OC0zNDM2M2JjN2M0YzAiOnsiY3JlYXRlIjoxODAwMDAwMDAwMDAwLCJkZWxldGUiOjE4MDAwMDAwMDAwMDAsInJlYWQiOjMwMDAwMDAwMDAwMCwidXBkYXRlIjoxODAwMDAwMDAwMDAwfX0=",
          "dependencies": [
            "azurerm_resource_group.k8s"
          ]
        }
      ]
    },
    {
      "mode": "managed",
      "type": "local_file",
      "name": "ansible_inventory",
      "provider": "provider[\"registry.terraform.io/hashicorp/local\"]",
      "instances": [
        {
          "schema_version": 0,
          "attributes": {
            "content": "[master]\r\n98.71.218.111 ansible_user=azureuser ansible_ssh_private_key_file=~/.ssh/azuresshkey ansible_ssh_common_args='-o StrictHostKeyChecking=no'\r\n\r\n[workers]\r\n20.16.46.170 ansible_user=azureuser ansible_ssh_private_key_file=~/.ssh/azuresshkey ansible_ssh_common_args='-o StrictHostKeyChecking=no'\r\n98.71.164.118 ansible_user=azureuser ansible_ssh_private_key_file=~/.ssh/azuresshkey ansible_ssh_common_args='-o StrictHostKeyChecking=no'",
            "content_base64": null,
            "content_base64sha256": "XaOfbA9Wqg61ZfP5MC5WTFvzNQXqO/njxbZk43dBYAI=",
            "content_base64sha512": "lSsLRcDoz8uh2lXgshgvJ6Ujcod2rqMuYDy7zChJR8memij9rABeScTgl1kG4dbXs7To3h7BSTvkTtNbazUcbA==",
            "content_md5": "1d5eba7e6a6b828bd17179c69e7dc214",
            "content_sha1": "fd76ec10339dbb18b52ddaed26eb601324df11d4",
            "content_sha256": "5da39f6c0f56aa0eb565f3f9302e564c5bf33505ea3bf9e3c5b664e377416002",
            "content_sha512": "952b0b45c0e8cfcba1da55e0b2182f27a523728776aea32e603cbbcc284947c99e9a28fdac005e49c4e0975906e1d6d7b3b4e8de1ec1493be44ed35b6b351c6c",
            "directory_permission": "0777",
            "file_permission": "0777",
            "filename": "./inventory.ini",
            "id": "fd76ec10339dbb18b52ddaed26eb601324df11d4",
            "sensitive_content": null,
            "source": null
          },
          "sensitive_attributes": [
            [
              {
                "type": "get_attr",
                "value": "sensitive_content"
              }
            ]
          ],
          "identity_schema_version": 0,
          "dependencies": [
            "azurerm_public_ip.master",
            "azurerm_public_ip.worker1",
            "azurerm_public_ip.worker2",
            "azurerm_resource_group.k8s"
          ]
        }
      ]
    },
    {
      "mode": "managed",
      "type": "null_resource",
      "name": "ansible_provision",
      "provider": "provider[\"registry.terraform.io/hashicorp/null\"]",
      "instances": [
        {
          "status": "tainted",
          "schema_version": 0,
          "attributes": {
            "id": "7660042735313167079",
            "triggers": null
          },
          "sensitive_attributes": [],
          "identity_schema_version": 0,
          "dependencies": [
            "azurerm_linux_virtual_machine.master",
            "azurerm_linux_virtual_machine.worker_1",
            "azurerm_linux_virtual_machine.worker_2",
            "azurerm_network_interface.master_nic",
            "azurerm_network_interface.worker_nic_1",
            "azurerm_network_interface.worker_nic_2",
            "azurerm_public_ip.master",
            "azurerm_public_ip.worker1",
            "azurerm_public_ip.worker2",
            "azurerm_resource_group.k8s",
            "azurerm_subnet.k8s_subnet",
            "azurerm_virtual_network.k8s_vnet",
            "local_file.ansible_inventory"
          ]
        }
      ]
    }
  ],
  "check_results": null
}
